<?xml version="1.0" encoding="utf-8"?>
<Project ToolsVersion="4.0" xmlns="http://schemas.microsoft.com/developer/msbuild/2003">
  <ItemGroup>
    <Filter Include="include">
      <UniqueIdentifier>{a8c0c083-74f4-4337-bc8c-c536ad02f256}</UniqueIdentifier>
    </Filter>
    <Filter Include="src">
      <UniqueIdentifier>{59da23e4-842a-491d-be7f-c70f17484dea}</UniqueIdentifier>
    </Filter>
  </ItemGroup>
  <ItemGroup>
    <ClInclude Include="src\binary.h">
      <Filter>src</Filter>
    </ClInclude>
    <ClInclude Include="src\codegen.h">
      <Filter>src</Filter>
    </ClInclude>
    <ClInclude Include="src\compiler.h">
      <Filter>src</Filter>
    </ClInclude>
    <ClInclude Include="src\myflexer.h">
      <Filter>src</Filter>
    </ClInclude>
    <ClInclude Include="src\processor.h">
      <Filter>src</Filter>
    </ClInclude>
    <ClInclude Include="src\routine.h">
      <Filter>src</Filter>
    </ClInclude>
    <ClInclude Include="src\semantic.h">
      <Filter>src</Filter>
    </ClInclude>
    <ClInclude Include="src\syntree.h">
      <Filter>src</Filter>
    </ClInclude>
    <ClInclude Include="src\types.h">
      <Filter>src</Filter>
    </ClInclude>
    <ClInclude Include="src\variant.h">
      <Filter>src</Filter>
    </ClInclude>
    <ClInclude Include="src\interpreter.h">
      <Filter>src</Filter>
    </ClInclude>
    <ClInclude Include="src\paramstack.h">
      <Filter>src</Filter>
    </ClInclude>
    <ClInclude Include="src\bison.h">
      <Filter>src</Filter>
    </ClInclude>
    <ClInclude Include="src\assembler.h" />
    <ClInclude Include="src\asmgen.h" />
    <ClInclude Include="src\machine.h" />
    <ClInclude Include="src\native.h" />
    <ClInclude Include="src\win32\unistd.h" />
    <ClInclude Include="src\win32\FlexLexer.h" />
    <ClInclude Include="src\funcmap.h" />
    <ClInclude Include="src\stringheap.h" />
    <ClInclude Include="src\hashmap.h" />
    <ClInclude Include="src\bindfunc.h" />
    <ClInclude Include="src\fake.h">
      <Filter>src</Filter>
    </ClInclude>
    <ClInclude Include="include\fakescript.h">
      <Filter>include</Filter>
    </ClInclude>
    <ClInclude Include="src\buildinfunc.h" />
    <ClInclude Include="src\profile.h" />
    <ClInclude Include="src\array.h" />
    <ClInclude Include="src\pool.h" />
    <ClInclude Include="src\container.h" />
    <ClInclude Include="src\running.h" />
    <ClInclude Include="src\parser.h" />
    <ClInclude Include="src\buildinfuncfile.h" />
    <ClInclude Include="src\buildinfuncnet.h" />
    <ClInclude Include="src\package\buffer.h" />
    <ClInclude Include="src\package\selector.h" />
    <ClInclude Include="src\buildinfuncos.h" />
    <ClInclude Include="src\buildinfuncstring.h" />
  </ItemGroup>
  <ItemGroup>
    <ClCompile Include="src\binary.cpp">
      <Filter>src</Filter>
    </ClCompile>
    <ClCompile Include="src\codegen.cpp">
      <Filter>src</Filter>
    </ClCompile>
    <ClCompile Include="src\compiler.cpp">
      <Filter>src</Filter>
    </ClCompile>
    <ClCompile Include="src\myflexer.cpp">
      <Filter>src</Filter>
    </ClCompile>
    <ClCompile Include="src\processor.cpp">
      <Filter>src</Filter>
    </ClCompile>
    <ClCompile Include="src\routine.cpp">
      <Filter>src</Filter>
    </ClCompile>
    <ClCompile Include="src\syntree.cpp">
      <Filter>src</Filter>
    </ClCompile>
    <ClCompile Include="src\types.cpp">
      <Filter>src</Filter>
    </ClCompile>
    <ClCompile Include="src\variant.cpp">
      <Filter>src</Filter>
    </ClCompile>
    <ClCompile Include="src\interpreter.cpp">
      <Filter>src</Filter>
    </ClCompile>
    <ClCompile Include="src\paramstack.cpp">
      <Filter>src</Filter>
    </ClCompile>
    <ClCompile Include="src\bison.cpp">
      <Filter>src</Filter>
    </ClCompile>
    <ClCompile Include="src\flex.cpp">
      <Filter>src</Filter>
    </ClCompile>
    <ClCompile Include="src\asmgen.cpp" />
    <ClCompile Include="src\assembler.cpp" />
    <ClCompile Include="src\machine.cpp" />
    <ClCompile Include="src\native.cpp" />
    <ClCompile Include="src\stringheap.cpp" />
    <ClCompile Include="src\bindfunc.cpp" />
    <ClCompile Include="src\fake.cpp">
      <Filter>src</Filter>
    </ClCompile>
    <ClCompile Include="src\fakescript.cpp">
      <Filter>src</Filter>
    </ClCompile>
    <ClCompile Include="src\buildinfunc.cpp" />
    <ClCompile Include="src\profile.cpp" />
    <ClCompile Include="src\container.cpp" />
    <ClCompile Include="src\funcmap.cpp" />
    <ClCompile Include="src\running.cpp" />
    <ClCompile Include="src\parser.cpp" />
    <ClCompile Include="src\buildinfuncfile.cpp" />
    <ClCompile Include="src\buildinfuncnet.cpp" />
    <ClCompile Include="src\buildinfuncos.cpp" />
    <ClCompile Include="src\buildinfuncstring.cpp" />
  </ItemGroup>
  <ItemGroup>
    <Text Include="CMakeLists.txt" />
  </ItemGroup>
</Project>