<?xml version="1.0" encoding="utf-8"?>
<Project ToolsVersion="4.0" xmlns="http://schemas.microsoft.com/developer/msbuild/2003">
  <ItemGroup>
    <Filter Include="include">
      <UniqueIdentifier>{a8c0c083-74f4-4337-bc8c-c536ad02f256}</UniqueIdentifier>
    </Filter>
    <Filter Include="src">
      <UniqueIdentifier>{59da23e4-842a-491d-be7f-c70f17484dea}</UniqueIdentifier>
    </Filter>
    <Filter Include="src\win32">
      <UniqueIdentifier>{6b4f6a9e-9dc3-4524-8ffc-3a50ee1a3f31}</UniqueIdentifier>
    </Filter>
    <Filter Include="src\package">
      <UniqueIdentifier>{85f7bec9-1f0a-4ccf-84b9-15904555d230}</UniqueIdentifier>
    </Filter>
  </ItemGroup>
  <ItemGroup>
    <ClInclude Include="src\binary.h">
      <Filter>src</Filter>
    </ClInclude>
    <ClInclude Include="src\codegen.h">
      <Filter>src</Filter>
    </ClInclude>
    <ClInclude Include="src\compiler.h">
      <Filter>src</Filter>
    </ClInclude>
    <ClInclude Include="src\myflexer.h">
      <Filter>src</Filter>
    </ClInclude>
    <ClInclude Include="src\processor.h">
      <Filter>src</Filter>
    </ClInclude>
    <ClInclude Include="src\routine.h">
      <Filter>src</Filter>
    </ClInclude>
    <ClInclude Include="src\semantic.h">
      <Filter>src</Filter>
    </ClInclude>
    <ClInclude Include="src\syntree.h">
      <Filter>src</Filter>
    </ClInclude>
    <ClInclude Include="src\types.h">
      <Filter>src</Filter>
    </ClInclude>
    <ClInclude Include="src\variant.h">
      <Filter>src</Filter>
    </ClInclude>
    <ClInclude Include="src\interpreter.h">
      <Filter>src</Filter>
    </ClInclude>
    <ClInclude Include="src\paramstack.h">
      <Filter>src</Filter>
    </ClInclude>
    <ClInclude Include="src\bison.h">
      <Filter>src</Filter>
    </ClInclude>
    <ClInclude Include="src\fake.h">
      <Filter>src</Filter>
    </ClInclude>
    <ClInclude Include="include\fakescript.h">
      <Filter>include</Filter>
    </ClInclude>
    <ClInclude Include="src\array.h">
      <Filter>src</Filter>
    </ClInclude>
    <ClInclude Include="src\asmgen.h">
      <Filter>src</Filter>
    </ClInclude>
    <ClInclude Include="src\assembler.h">
      <Filter>src</Filter>
    </ClInclude>
    <ClInclude Include="src\bindfunc.h">
      <Filter>src</Filter>
    </ClInclude>
    <ClInclude Include="src\buildinfunc.h">
      <Filter>src</Filter>
    </ClInclude>
    <ClInclude Include="src\buildinfuncfile.h">
      <Filter>src</Filter>
    </ClInclude>
    <ClInclude Include="src\buildinfuncmath.h">
      <Filter>src</Filter>
    </ClInclude>
    <ClInclude Include="src\buildinfuncnet.h">
      <Filter>src</Filter>
    </ClInclude>
    <ClInclude Include="src\buildinfuncos.h">
      <Filter>src</Filter>
    </ClInclude>
    <ClInclude Include="src\buildinfuncstring.h">
      <Filter>src</Filter>
    </ClInclude>
    <ClInclude Include="src\container.h">
      <Filter>src</Filter>
    </ClInclude>
    <ClInclude Include="src\funcmap.h">
      <Filter>src</Filter>
    </ClInclude>
    <ClInclude Include="src\hashmap.h">
      <Filter>src</Filter>
    </ClInclude>
    <ClInclude Include="src\machine.h">
      <Filter>src</Filter>
    </ClInclude>
    <ClInclude Include="src\native.h">
      <Filter>src</Filter>
    </ClInclude>
    <ClInclude Include="src\parser.h">
      <Filter>src</Filter>
    </ClInclude>
    <ClInclude Include="src\pool.h">
      <Filter>src</Filter>
    </ClInclude>
    <ClInclude Include="src\profile.h">
      <Filter>src</Filter>
    </ClInclude>
    <ClInclude Include="src\running.h">
      <Filter>src</Filter>
    </ClInclude>
    <ClInclude Include="src\stringheap.h">
      <Filter>src</Filter>
    </ClInclude>
    <ClInclude Include="src\win32\FlexLexer.h">
      <Filter>src\win32</Filter>
    </ClInclude>
    <ClInclude Include="src\win32\unistd.h">
      <Filter>src\win32</Filter>
    </ClInclude>
    <ClInclude Include="src\package\selector.h">
      <Filter>src\package</Filter>
    </ClInclude>
    <ClInclude Include="src\package\buffer.h">
      <Filter>src\package</Filter>
    </ClInclude>
    <ClInclude Include="src\debuging.h">
      <Filter>src</Filter>
    </ClInclude>
    <ClInclude Include="src\pointerheap.h">
      <Filter>src</Filter>
    </ClInclude>
    <ClInclude Include="src\optimizer.h">
      <Filter>src</Filter>
    </ClInclude>
  </ItemGroup>
  <ItemGroup>
    <ClCompile Include="src\binary.cpp">
      <Filter>src</Filter>
    </ClCompile>
    <ClCompile Include="src\codegen.cpp">
      <Filter>src</Filter>
    </ClCompile>
    <ClCompile Include="src\compiler.cpp">
      <Filter>src</Filter>
    </ClCompile>
    <ClCompile Include="src\myflexer.cpp">
      <Filter>src</Filter>
    </ClCompile>
    <ClCompile Include="src\processor.cpp">
      <Filter>src</Filter>
    </ClCompile>
    <ClCompile Include="src\syntree.cpp">
      <Filter>src</Filter>
    </ClCompile>
    <ClCompile Include="src\types.cpp">
      <Filter>src</Filter>
    </ClCompile>
    <ClCompile Include="src\interpreter.cpp">
      <Filter>src</Filter>
    </ClCompile>
    <ClCompile Include="src\bison.cpp">
      <Filter>src</Filter>
    </ClCompile>
    <ClCompile Include="src\flex.cpp">
      <Filter>src</Filter>
    </ClCompile>
    <ClCompile Include="src\fakescript.cpp">
      <Filter>src</Filter>
    </ClCompile>
    <ClCompile Include="src\asmgen.cpp">
      <Filter>src</Filter>
    </ClCompile>
    <ClCompile Include="src\assembler.cpp">
      <Filter>src</Filter>
    </ClCompile>
    <ClCompile Include="src\bindfunc.cpp">
      <Filter>src</Filter>
    </ClCompile>
    <ClCompile Include="src\buildinfunc.cpp">
      <Filter>src</Filter>
    </ClCompile>
    <ClCompile Include="src\buildinfuncfile.cpp">
      <Filter>src</Filter>
    </ClCompile>
    <ClCompile Include="src\buildinfuncmath.cpp">
      <Filter>src</Filter>
    </ClCompile>
    <ClCompile Include="src\buildinfuncnet.cpp">
      <Filter>src</Filter>
    </ClCompile>
    <ClCompile Include="src\buildinfuncos.cpp">
      <Filter>src</Filter>
    </ClCompile>
    <ClCompile Include="src\buildinfuncstring.cpp">
      <Filter>src</Filter>
    </ClCompile>
    <ClCompile Include="src\container.cpp">
      <Filter>src</Filter>
    </ClCompile>
    <ClCompile Include="src\funcmap.cpp">
      <Filter>src</Filter>
    </ClCompile>
    <ClCompile Include="src\machine.cpp">
      <Filter>src</Filter>
    </ClCompile>
    <ClCompile Include="src\native.cpp">
      <Filter>src</Filter>
    </ClCompile>
    <ClCompile Include="src\parser.cpp">
      <Filter>src</Filter>
    </ClCompile>
    <ClCompile Include="src\profile.cpp">
      <Filter>src</Filter>
    </ClCompile>
    <ClCompile Include="src\stringheap.cpp">
      <Filter>src</Filter>
    </ClCompile>
    <ClCompile Include="src\debuging.cpp">
      <Filter>src</Filter>
    </ClCompile>
    <ClCompile Include="src\pointerheap.cpp">
      <Filter>src</Filter>
    </ClCompile>
    <ClCompile Include="src\optimizer.cpp">
      <Filter>src</Filter>
    </ClCompile>
  </ItemGroup>
  <ItemGroup>
    <Text Include="CMakeLists.txt" />
  </ItemGroup>
  <ItemGroup>
    <MASM Include="src\win32\nativecall.asm">
      <Filter>src\win32</Filter>
    </MASM>
  </ItemGroup>
</Project>